
Microsoft Visual Studio Solution File, Format Version 12.00
# Visual Studio Version 17
VisualStudioVersion = 17.3.32901.215
MinimumVisualStudioVersion = 10.0.40219.1
Project("{FAE04EC0-301F-11D3-BF4B-00C04F79EFBC}") = "P7_1_1214058", "P7_1_1214058\P7_1_1214058.csproj", "{834939EE-E522-4925-B90E-2E0F0A02CAB1}"
EndProject
Global
	GlobalSection(SolutionConfigurationPlatforms) = preSolution
		Debug|Any CPU = Debug|Any CPU
		Release|Any CPU = Release|Any CPU
	EndGlobalSection
	GlobalSection(ProjectConfigurationPlatforms) = postSolution
		{834939EE-E522-4925-B90E-2E0F0A02CAB1}.Debug|Any CPU.ActiveCfg = Debug|Any CPU
		{834939EE-E522-4925-B90E-2E0F0A02CAB1}.Debug|Any CPU.Build.0 = Debug|Any CPU
		{834939EE-E522-4925-B90E-2E0F0A02CAB1}.Release|Any CPU.ActiveCfg = Release|Any CPU
		{834939EE-E522-4925-B90E-2E0F0A02CAB1}.Release|Any CPU.Build.0 = Release|Any CPU
	EndGlobalSection
	GlobalSection(SolutionProperties) = preSolution
		HideSolutionNode = FALSE
	EndGlobalSection
	GlobalSection(ExtensibilityGlobals) = postSolution
		SolutionGuid = {6F76C0CC-B545-41FD-920E-452C7E5222D9}
	EndGlobalSection
EndGlobal
